
Microsoft Visual Studio Solution File, Format Version 12.00
Project("{FAE04EC0-301F-11D3-BF4B-00C04F79EFBC}") = "Oldsu.Web", "Oldsu.Web\Oldsu.Web.csproj", "{C7898E23-84EB-4A52-B259-EB4255A5B8F8}"
EndProject
Project("{FAE04EC0-301F-11D3-BF4B-00C04F79EFBC}") = "Oldsu", "oldsu\oldsu\Oldsu.csproj", "{2285FBA2-4690-473E-B67B-DEC8EE12B77D}"
EndProject
Global
	GlobalSection(SolutionConfigurationPlatforms) = preSolution
		Debug|Any CPU = Debug|Any CPU
		Release|Any CPU = Release|Any CPU
	EndGlobalSection
	GlobalSection(ProjectConfigurationPlatforms) = postSolution
		{C7898E23-84EB-4A52-B259-EB4255A5B8F8}.Debug|Any CPU.ActiveCfg = Debug|Any CPU
		{C7898E23-84EB-4A52-B259-EB4255A5B8F8}.Debug|Any CPU.Build.0 = Debug|Any CPU
		{C7898E23-84EB-4A52-B259-EB4255A5B8F8}.Release|Any CPU.ActiveCfg = Release|Any CPU
		{C7898E23-84EB-4A52-B259-EB4255A5B8F8}.Release|Any CPU.Build.0 = Release|Any CPU
		{2285FBA2-4690-473E-B67B-DEC8EE12B77D}.Debug|Any CPU.ActiveCfg = Debug|Any CPU
		{2285FBA2-4690-473E-B67B-DEC8EE12B77D}.Debug|Any CPU.Build.0 = Debug|Any CPU
		{2285FBA2-4690-473E-B67B-DEC8EE12B77D}.Release|Any CPU.ActiveCfg = Release|Any CPU
		{2285FBA2-4690-473E-B67B-DEC8EE12B77D}.Release|Any CPU.Build.0 = Release|Any CPU
	EndGlobalSection
EndGlobal
